
Microsoft Visual Studio Solution File, Format Version 12.00
# Visual Studio Version 16
VisualStudioVersion = 16.0.30002.166
MinimumVisualStudioVersion = 10.0.40219.1
Project("{FAE04EC0-301F-11D3-BF4B-00C04F79EFBC}") = "ACS_API_Connector.Android", "ACS_API_Connector\ACS_API_Connector.Android\ACS_API_Connector.Android.csproj", "{8FE2494D-7A2B-4F48-9F69-23FBFB39C974}"
EndProject
Project("{FAE04EC0-301F-11D3-BF4B-00C04F79EFBC}") = "ACS_API_Connector.iOS", "ACS_API_Connector\ACS_API_Connector.iOS\ACS_API_Connector.iOS.csproj", "{19BDDEF4-E549-44E3-AEF3-B6D0592C7134}"
EndProject
Project("{FAE04EC0-301F-11D3-BF4B-00C04F79EFBC}") = "ACS_API_Connector", "ACS_API_Connector\ACS_API_Connector\ACS_API_Connector.csproj", "{816D2E98-D64E-456D-A40C-5CF521083564}"
EndProject
Global
	GlobalSection(SolutionConfigurationPlatforms) = preSolution
		Debug|Any CPU = Debug|Any CPU
		Debug|iPhone = Debug|iPhone
		Debug|iPhoneSimulator = Debug|iPhoneSimulator
		Release|Any CPU = Release|Any CPU
		Release|iPhone = Release|iPhone
		Release|iPhoneSimulator = Release|iPhoneSimulator
	EndGlobalSection
	GlobalSection(ProjectConfigurationPlatforms) = postSolution
		{8FE2494D-7A2B-4F48-9F69-23FBFB39C974}.Debug|Any CPU.ActiveCfg = Debug|Any CPU
		{8FE2494D-7A2B-4F48-9F69-23FBFB39C974}.Debug|Any CPU.Build.0 = Debug|Any CPU
		{8FE2494D-7A2B-4F48-9F69-23FBFB39C974}.Debug|Any CPU.Deploy.0 = Debug|Any CPU
		{8FE2494D-7A2B-4F48-9F69-23FBFB39C974}.Debug|iPhone.ActiveCfg = Debug|Any CPU
		{8FE2494D-7A2B-4F48-9F69-23FBFB39C974}.Debug|iPhone.Build.0 = Debug|Any CPU
		{8FE2494D-7A2B-4F48-9F69-23FBFB39C974}.Debug|iPhone.Deploy.0 = Debug|Any CPU
		{8FE2494D-7A2B-4F48-9F69-23FBFB39C974}.Debug|iPhoneSimulator.ActiveCfg = Debug|Any CPU
		{8FE2494D-7A2B-4F48-9F69-23FBFB39C974}.Debug|iPhoneSimulator.Build.0 = Debug|Any CPU
		{8FE2494D-7A2B-4F48-9F69-23FBFB39C974}.Debug|iPhoneSimulator.Deploy.0 = Debug|Any CPU
		{8FE2494D-7A2B-4F48-9F69-23FBFB39C974}.Release|Any CPU.ActiveCfg = Release|Any CPU
		{8FE2494D-7A2B-4F48-9F69-23FBFB39C974}.Release|Any CPU.Build.0 = Release|Any CPU
		{8FE2494D-7A2B-4F48-9F69-23FBFB39C974}.Release|Any CPU.Deploy.0 = Release|Any CPU
		{8FE2494D-7A2B-4F48-9F69-23FBFB39C974}.Release|iPhone.ActiveCfg = Release|Any CPU
		{8FE2494D-7A2B-4F48-9F69-23FBFB39C974}.Release|iPhone.Build.0 = Release|Any CPU
		{8FE2494D-7A2B-4F48-9F69-23FBFB39C974}.Release|iPhone.Deploy.0 = Release|Any CPU
		{8FE2494D-7A2B-4F48-9F69-23FBFB39C974}.Release|iPhoneSimulator.ActiveCfg = Release|Any CPU
		{8FE2494D-7A2B-4F48-9F69-23FBFB39C974}.Release|iPhoneSimulator.Build.0 = Release|Any CPU
		{8FE2494D-7A2B-4F48-9F69-23FBFB39C974}.Release|iPhoneSimulator.Deploy.0 = Release|Any CPU
		{19BDDEF4-E549-44E3-AEF3-B6D0592C7134}.Debug|Any CPU.ActiveCfg = Debug|iPhone
		{19BDDEF4-E549-44E3-AEF3-B6D0592C7134}.Debug|Any CPU.Build.0 = Debug|iPhone
		{19BDDEF4-E549-44E3-AEF3-B6D0592C7134}.Debug|Any CPU.Deploy.0 = Debug|iPhone
		{19BDDEF4-E549-44E3-AEF3-B6D0592C7134}.Debug|iPhone.ActiveCfg = Debug|iPhone
		{19BDDEF4-E549-44E3-AEF3-B6D0592C7134}.Debug|iPhone.Build.0 = Debug|iPhone
		{19BDDEF4-E549-44E3-AEF3-B6D0592C7134}.Debug|iPhone.Deploy.0 = Debug|iPhone
		{19BDDEF4-E549-44E3-AEF3-B6D0592C7134}.Debug|iPhoneSimulator.ActiveCfg = Debug|iPhoneSimulator
		{19BDDEF4-E549-44E3-AEF3-B6D0592C7134}.Debug|iPhoneSimulator.Build.0 = Debug|iPhoneSimulator
		{19BDDEF4-E549-44E3-AEF3-B6D0592C7134}.Debug|iPhoneSimulator.Deploy.0 = Debug|iPhoneSimulator
		{19BDDEF4-E549-44E3-AEF3-B6D0592C7134}.Release|Any CPU.ActiveCfg = Release|iPhone
		{19BDDEF4-E549-44E3-AEF3-B6D0592C7134}.Release|Any CPU.Build.0 = Release|iPhone
		{19BDDEF4-E549-44E3-AEF3-B6D0592C7134}.Release|Any CPU.Deploy.0 = Release|iPhone
		{19BDDEF4-E549-44E3-AEF3-B6D0592C7134}.Release|iPhone.ActiveCfg = Release|iPhone
		{19BDDEF4-E549-44E3-AEF3-B6D0592C7134}.Release|iPhone.Build.0 = Release|iPhone
		{19BDDEF4-E549-44E3-AEF3-B6D0592C7134}.Release|iPhone.Deploy.0 = Release|iPhone
		{19BDDEF4-E549-44E3-AEF3-B6D0592C7134}.Release|iPhoneSimulator.ActiveCfg = Release|iPhoneSimulator
		{19BDDEF4-E549-44E3-AEF3-B6D0592C7134}.Release|iPhoneSimulator.Build.0 = Release|iPhoneSimulator
		{19BDDEF4-E549-44E3-AEF3-B6D0592C7134}.Release|iPhoneSimulator.Deploy.0 = Release|iPhoneSimulator
		{816D2E98-D64E-456D-A40C-5CF521083564}.Debug|Any CPU.ActiveCfg = Debug|Any CPU
		{816D2E98-D64E-456D-A40C-5CF521083564}.Debug|Any CPU.Build.0 = Debug|Any CPU
		{816D2E98-D64E-456D-A40C-5CF521083564}.Debug|Any CPU.Deploy.0 = Debug|Any CPU
		{816D2E98-D64E-456D-A40C-5CF521083564}.Debug|iPhone.ActiveCfg = Debug|Any CPU
		{816D2E98-D64E-456D-A40C-5CF521083564}.Debug|iPhone.Build.0 = Debug|Any CPU
		{816D2E98-D64E-456D-A40C-5CF521083564}.Debug|iPhone.Deploy.0 = Debug|Any CPU
		{816D2E98-D64E-456D-A40C-5CF521083564}.Debug|iPhoneSimulator.ActiveCfg = Debug|Any CPU
		{816D2E98-D64E-456D-A40C-5CF521083564}.Debug|iPhoneSimulator.Build.0 = Debug|Any CPU
		{816D2E98-D64E-456D-A40C-5CF521083564}.Debug|iPhoneSimulator.Deploy.0 = Debug|Any CPU
		{816D2E98-D64E-456D-A40C-5CF521083564}.Release|Any CPU.ActiveCfg = Release|Any CPU
		{816D2E98-D64E-456D-A40C-5CF521083564}.Release|Any CPU.Build.0 = Release|Any CPU
		{816D2E98-D64E-456D-A40C-5CF521083564}.Release|Any CPU.Deploy.0 = Release|Any CPU
		{816D2E98-D64E-456D-A40C-5CF521083564}.Release|iPhone.ActiveCfg = Release|Any CPU
		{816D2E98-D64E-456D-A40C-5CF521083564}.Release|iPhone.Build.0 = Release|Any CPU
		{816D2E98-D64E-456D-A40C-5CF521083564}.Release|iPhone.Deploy.0 = Release|Any CPU
		{816D2E98-D64E-456D-A40C-5CF521083564}.Release|iPhoneSimulator.ActiveCfg = Release|Any CPU
		{816D2E98-D64E-456D-A40C-5CF521083564}.Release|iPhoneSimulator.Build.0 = Release|Any CPU
		{816D2E98-D64E-456D-A40C-5CF521083564}.Release|iPhoneSimulator.Deploy.0 = Release|Any CPU
	EndGlobalSection
	GlobalSection(SolutionProperties) = preSolution
		HideSolutionNode = FALSE
	EndGlobalSection
	GlobalSection(ExtensibilityGlobals) = postSolution
		SolutionGuid = {36C66E71-A18A-4977-8264-FC46CB29BF3E}
	EndGlobalSection
EndGlobal
